
Microsoft Visual Studio Solution File, Format Version 12.00
# Visual Studio Version 17
VisualStudioVersion = 17.0.31903.59
MinimumVisualStudioVersion = 10.0.40219.1
Project("{2150E333-8FDC-42A3-9474-1A3956D46DE8}") = "src", "src", "{16133266-81EA-4554-8840-19D11C4D8011}"
EndProject
Project("{FAE04EC0-301F-11D3-BF4B-00C04F79EFBC}") = "Okkema.Cache", "src\Okkema.Cache\Okkema.Cache.csproj", "{2998B337-9A12-4212-B61B-49D7FE9DD640}"
EndProject
Project("{2150E333-8FDC-42A3-9474-1A3956D46DE8}") = "test", "test", "{F88AA53F-6603-45E4-A32D-3BB1D9BD3936}"
EndProject
Project("{FAE04EC0-301F-11D3-BF4B-00C04F79EFBC}") = "Movies.Test", "test\Movies.Test\Movies.Test.csproj", "{BFBECB6B-27B9-4D9F-990A-C7207352F9A9}"
EndProject
Project("{FAE04EC0-301F-11D3-BF4B-00C04F79EFBC}") = "Okkema.Cache.Test", "test\Okkema.Cache.Test\Okkema.Cache.Test.csproj", "{E04AB32C-1994-439A-BAC6-EC041145769B}"
EndProject
Project("{FAE04EC0-301F-11D3-BF4B-00C04F79EFBC}") = "Okkema.Queue", "src\Okkema.Queue\Okkema.Queue.csproj", "{8E55340D-8816-4E68-957B-0842C2A4B491}"
EndProject
Project("{FAE04EC0-301F-11D3-BF4B-00C04F79EFBC}") = "Okkema.Queue.Test", "test\Okkema.Queue.Test\Okkema.Queue.Test.csproj", "{6AF8D440-9B62-4D1C-B7D2-1B78B8FFD06B}"
EndProject
Project("{FAE04EC0-301F-11D3-BF4B-00C04F79EFBC}") = "Movies.Worker", "src\Movies.Worker\Movies.Worker.csproj", "{EDD2E254-B551-4C1B-A4D5-3521B11B9241}"
EndProject
Project("{FAE04EC0-301F-11D3-BF4B-00C04F79EFBC}") = "Movies.TMDB", "src\Movies.TMDB\Movies.TMDB.csproj", "{5ACD3B06-737C-48CF-90F0-190FE476E328}"
EndProject
Project("{FAE04EC0-301F-11D3-BF4B-00C04F79EFBC}") = "Movies.TMDB.Test", "test\Movies.TMDB.Test\Movies.TMDB.Test.csproj", "{3F074AF3-371E-4D78-AD30-D9BC3B6E9224}"
EndProject
Project("{FAE04EC0-301F-11D3-BF4B-00C04F79EFBC}") = "Okkema.SQL", "src\Okkema.SQL\Okkema.SQL.csproj", "{CBD3B8E4-C0D7-4A86-A2CF-ADCC959624A2}"
EndProject
Project("{FAE04EC0-301F-11D3-BF4B-00C04F79EFBC}") = "Okkema.SQL.Test", "test\Okkema.SQL.Test\Okkema.SQL.Test.csproj", "{7457C962-AF1B-4333-9085-332ABC15C09F}"
EndProject
Project("{FAE04EC0-301F-11D3-BF4B-00C04F79EFBC}") = "Movies.Console", "src\Movies.Console\Movies.Console.csproj", "{D0664F43-D634-4506-9106-4CF6A13D51D9}"
EndProject
Project("{FAE04EC0-301F-11D3-BF4B-00C04F79EFBC}") = "Movies.Commands.Handlers", "src\Movies.Commands.Handlers\Movies.Commands.Handlers.csproj", "{9D2ABFDC-2BCA-4FE5-8605-76569E49C19F}"
EndProject
Project("{FAE04EC0-301F-11D3-BF4B-00C04F79EFBC}") = "Movies.Commands", "src\Movies.Commands\Movies.Commands.csproj", "{C7FAC35A-A261-4EBD-8B16-1B0E377B20A6}"
EndProject
Project("{FAE04EC0-301F-11D3-BF4B-00C04F79EFBC}") = "Movies.Migrations", "src\Movies.Migrations\Movies.Migrations.csproj", "{B8395917-92A4-4D2B-8674-A62B89A6883E}"
EndProject
Project("{FAE04EC0-301F-11D3-BF4B-00C04F79EFBC}") = "Okkema.Messages", "src\Okkema.Messages\Okkema.Messages.csproj", "{BF802EF4-B727-4449-8842-3F9A6111A2D5}"
EndProject
Global
	GlobalSection(SolutionConfigurationPlatforms) = preSolution
		Debug|Any CPU = Debug|Any CPU
		Release|Any CPU = Release|Any CPU
	EndGlobalSection
	GlobalSection(SolutionProperties) = preSolution
		HideSolutionNode = FALSE
	EndGlobalSection
	GlobalSection(ProjectConfigurationPlatforms) = postSolution
		{2998B337-9A12-4212-B61B-49D7FE9DD640}.Debug|Any CPU.ActiveCfg = Debug|Any CPU
		{2998B337-9A12-4212-B61B-49D7FE9DD640}.Debug|Any CPU.Build.0 = Debug|Any CPU
		{2998B337-9A12-4212-B61B-49D7FE9DD640}.Release|Any CPU.ActiveCfg = Release|Any CPU
		{2998B337-9A12-4212-B61B-49D7FE9DD640}.Release|Any CPU.Build.0 = Release|Any CPU
		{BFBECB6B-27B9-4D9F-990A-C7207352F9A9}.Debug|Any CPU.ActiveCfg = Debug|Any CPU
		{BFBECB6B-27B9-4D9F-990A-C7207352F9A9}.Debug|Any CPU.Build.0 = Debug|Any CPU
		{BFBECB6B-27B9-4D9F-990A-C7207352F9A9}.Release|Any CPU.ActiveCfg = Release|Any CPU
		{BFBECB6B-27B9-4D9F-990A-C7207352F9A9}.Release|Any CPU.Build.0 = Release|Any CPU
		{E04AB32C-1994-439A-BAC6-EC041145769B}.Debug|Any CPU.ActiveCfg = Debug|Any CPU
		{E04AB32C-1994-439A-BAC6-EC041145769B}.Debug|Any CPU.Build.0 = Debug|Any CPU
		{E04AB32C-1994-439A-BAC6-EC041145769B}.Release|Any CPU.ActiveCfg = Release|Any CPU
		{E04AB32C-1994-439A-BAC6-EC041145769B}.Release|Any CPU.Build.0 = Release|Any CPU
		{8E55340D-8816-4E68-957B-0842C2A4B491}.Debug|Any CPU.ActiveCfg = Debug|Any CPU
		{8E55340D-8816-4E68-957B-0842C2A4B491}.Debug|Any CPU.Build.0 = Debug|Any CPU
		{8E55340D-8816-4E68-957B-0842C2A4B491}.Release|Any CPU.ActiveCfg = Release|Any CPU
		{8E55340D-8816-4E68-957B-0842C2A4B491}.Release|Any CPU.Build.0 = Release|Any CPU
		{6AF8D440-9B62-4D1C-B7D2-1B78B8FFD06B}.Debug|Any CPU.ActiveCfg = Debug|Any CPU
		{6AF8D440-9B62-4D1C-B7D2-1B78B8FFD06B}.Debug|Any CPU.Build.0 = Debug|Any CPU
		{6AF8D440-9B62-4D1C-B7D2-1B78B8FFD06B}.Release|Any CPU.ActiveCfg = Release|Any CPU
		{6AF8D440-9B62-4D1C-B7D2-1B78B8FFD06B}.Release|Any CPU.Build.0 = Release|Any CPU
		{EDD2E254-B551-4C1B-A4D5-3521B11B9241}.Debug|Any CPU.ActiveCfg = Debug|Any CPU
		{EDD2E254-B551-4C1B-A4D5-3521B11B9241}.Debug|Any CPU.Build.0 = Debug|Any CPU
		{EDD2E254-B551-4C1B-A4D5-3521B11B9241}.Release|Any CPU.ActiveCfg = Release|Any CPU
		{EDD2E254-B551-4C1B-A4D5-3521B11B9241}.Release|Any CPU.Build.0 = Release|Any CPU
		{5ACD3B06-737C-48CF-90F0-190FE476E328}.Debug|Any CPU.ActiveCfg = Debug|Any CPU
		{5ACD3B06-737C-48CF-90F0-190FE476E328}.Debug|Any CPU.Build.0 = Debug|Any CPU
		{5ACD3B06-737C-48CF-90F0-190FE476E328}.Release|Any CPU.ActiveCfg = Release|Any CPU
		{5ACD3B06-737C-48CF-90F0-190FE476E328}.Release|Any CPU.Build.0 = Release|Any CPU
		{3F074AF3-371E-4D78-AD30-D9BC3B6E9224}.Debug|Any CPU.ActiveCfg = Debug|Any CPU
		{3F074AF3-371E-4D78-AD30-D9BC3B6E9224}.Debug|Any CPU.Build.0 = Debug|Any CPU
		{3F074AF3-371E-4D78-AD30-D9BC3B6E9224}.Release|Any CPU.ActiveCfg = Release|Any CPU
		{3F074AF3-371E-4D78-AD30-D9BC3B6E9224}.Release|Any CPU.Build.0 = Release|Any CPU
		{CBD3B8E4-C0D7-4A86-A2CF-ADCC959624A2}.Debug|Any CPU.ActiveCfg = Debug|Any CPU
		{CBD3B8E4-C0D7-4A86-A2CF-ADCC959624A2}.Debug|Any CPU.Build.0 = Debug|Any CPU
		{CBD3B8E4-C0D7-4A86-A2CF-ADCC959624A2}.Release|Any CPU.ActiveCfg = Release|Any CPU
		{CBD3B8E4-C0D7-4A86-A2CF-ADCC959624A2}.Release|Any CPU.Build.0 = Release|Any CPU
		{7457C962-AF1B-4333-9085-332ABC15C09F}.Debug|Any CPU.ActiveCfg = Debug|Any CPU
		{7457C962-AF1B-4333-9085-332ABC15C09F}.Debug|Any CPU.Build.0 = Debug|Any CPU
		{7457C962-AF1B-4333-9085-332ABC15C09F}.Release|Any CPU.ActiveCfg = Release|Any CPU
		{7457C962-AF1B-4333-9085-332ABC15C09F}.Release|Any CPU.Build.0 = Release|Any CPU
		{D0664F43-D634-4506-9106-4CF6A13D51D9}.Debug|Any CPU.ActiveCfg = Debug|Any CPU
		{D0664F43-D634-4506-9106-4CF6A13D51D9}.Debug|Any CPU.Build.0 = Debug|Any CPU
		{D0664F43-D634-4506-9106-4CF6A13D51D9}.Release|Any CPU.ActiveCfg = Release|Any CPU
		{D0664F43-D634-4506-9106-4CF6A13D51D9}.Release|Any CPU.Build.0 = Release|Any CPU
		{9D2ABFDC-2BCA-4FE5-8605-76569E49C19F}.Debug|Any CPU.ActiveCfg = Debug|Any CPU
		{9D2ABFDC-2BCA-4FE5-8605-76569E49C19F}.Debug|Any CPU.Build.0 = Debug|Any CPU
		{9D2ABFDC-2BCA-4FE5-8605-76569E49C19F}.Release|Any CPU.ActiveCfg = Release|Any CPU
		{9D2ABFDC-2BCA-4FE5-8605-76569E49C19F}.Release|Any CPU.Build.0 = Release|Any CPU
		{C7FAC35A-A261-4EBD-8B16-1B0E377B20A6}.Debug|Any CPU.ActiveCfg = Debug|Any CPU
		{C7FAC35A-A261-4EBD-8B16-1B0E377B20A6}.Debug|Any CPU.Build.0 = Debug|Any CPU
		{C7FAC35A-A261-4EBD-8B16-1B0E377B20A6}.Release|Any CPU.ActiveCfg = Release|Any CPU
		{C7FAC35A-A261-4EBD-8B16-1B0E377B20A6}.Release|Any CPU.Build.0 = Release|Any CPU
		{B8395917-92A4-4D2B-8674-A62B89A6883E}.Debug|Any CPU.ActiveCfg = Debug|Any CPU
		{B8395917-92A4-4D2B-8674-A62B89A6883E}.Debug|Any CPU.Build.0 = Debug|Any CPU
		{B8395917-92A4-4D2B-8674-A62B89A6883E}.Release|Any CPU.ActiveCfg = Release|Any CPU
		{B8395917-92A4-4D2B-8674-A62B89A6883E}.Release|Any CPU.Build.0 = Release|Any CPU
		{BF802EF4-B727-4449-8842-3F9A6111A2D5}.Debug|Any CPU.ActiveCfg = Debug|Any CPU
		{BF802EF4-B727-4449-8842-3F9A6111A2D5}.Debug|Any CPU.Build.0 = Debug|Any CPU
		{BF802EF4-B727-4449-8842-3F9A6111A2D5}.Release|Any CPU.ActiveCfg = Release|Any CPU
		{BF802EF4-B727-4449-8842-3F9A6111A2D5}.Release|Any CPU.Build.0 = Release|Any CPU
	EndGlobalSection
	GlobalSection(NestedProjects) = preSolution
		{2998B337-9A12-4212-B61B-49D7FE9DD640} = {16133266-81EA-4554-8840-19D11C4D8011}
		{BFBECB6B-27B9-4D9F-990A-C7207352F9A9} = {F88AA53F-6603-45E4-A32D-3BB1D9BD3936}
		{E04AB32C-1994-439A-BAC6-EC041145769B} = {F88AA53F-6603-45E4-A32D-3BB1D9BD3936}
		{8E55340D-8816-4E68-957B-0842C2A4B491} = {16133266-81EA-4554-8840-19D11C4D8011}
		{6AF8D440-9B62-4D1C-B7D2-1B78B8FFD06B} = {F88AA53F-6603-45E4-A32D-3BB1D9BD3936}
		{EDD2E254-B551-4C1B-A4D5-3521B11B9241} = {16133266-81EA-4554-8840-19D11C4D8011}
		{5ACD3B06-737C-48CF-90F0-190FE476E328} = {16133266-81EA-4554-8840-19D11C4D8011}
		{3F074AF3-371E-4D78-AD30-D9BC3B6E9224} = {F88AA53F-6603-45E4-A32D-3BB1D9BD3936}
		{CBD3B8E4-C0D7-4A86-A2CF-ADCC959624A2} = {16133266-81EA-4554-8840-19D11C4D8011}
		{7457C962-AF1B-4333-9085-332ABC15C09F} = {F88AA53F-6603-45E4-A32D-3BB1D9BD3936}
		{D0664F43-D634-4506-9106-4CF6A13D51D9} = {16133266-81EA-4554-8840-19D11C4D8011}
		{9D2ABFDC-2BCA-4FE5-8605-76569E49C19F} = {16133266-81EA-4554-8840-19D11C4D8011}
		{C7FAC35A-A261-4EBD-8B16-1B0E377B20A6} = {16133266-81EA-4554-8840-19D11C4D8011}
		{B8395917-92A4-4D2B-8674-A62B89A6883E} = {16133266-81EA-4554-8840-19D11C4D8011}
		{BF802EF4-B727-4449-8842-3F9A6111A2D5} = {16133266-81EA-4554-8840-19D11C4D8011}
	EndGlobalSection
EndGlobal
